
Microsoft Visual Studio Solution File, Format Version 12.00
# Visual Studio Version 17
VisualStudioVersion = 17.1.32319.34
MinimumVisualStudioVersion = 10.0.40219.1
Project("{FAE04EC0-301F-11D3-BF4B-00C04F79EFBC}") = "Task7", "Task7\Task7.csproj", "{92C0E661-0723-4A6A-ADC9-BBF6473F963D}"
EndProject
Project("{FAE04EC0-301F-11D3-BF4B-00C04F79EFBC}") = "Task12", "Task12\Task12.csproj", "{C84FEB7B-0780-41E0-9E30-1D31B0A88854}"
EndProject
Project("{FAE04EC0-301F-11D3-BF4B-00C04F79EFBC}") = "Task13", "Task13\Task13.csproj", "{8B5F6C3E-49B1-4379-A755-24693252791F}"
EndProject
Project("{FAE04EC0-301F-11D3-BF4B-00C04F79EFBC}") = "Task14", "Task14\Task14.csproj", "{EC632E5A-A722-4D72-9FE2-09515B529DE7}"
EndProject
Project("{FAE04EC0-301F-11D3-BF4B-00C04F79EFBC}") = "Task15", "Task15\Task15.csproj", "{5EB3B755-703D-4D52-B224-1F891186767A}"
EndProject
Project("{FAE04EC0-301F-11D3-BF4B-00C04F79EFBC}") = "Task11", "Task11\Task11.csproj", "{5EB218D1-7132-4AD6-8ADF-1A2050F7CFEA}"
EndProject
Project("{FAE04EC0-301F-11D3-BF4B-00C04F79EFBC}") = "Task10", "Task10\Task10.csproj", "{30AF85B7-8E7A-46A8-A87E-9780E91F70A8}"
EndProject
Project("{FAE04EC0-301F-11D3-BF4B-00C04F79EFBC}") = "Task9", "Task9\Task9.csproj", "{7B1DE2EF-B15E-4D19-808B-AE34940F0DCD}"
EndProject
Project("{FAE04EC0-301F-11D3-BF4B-00C04F79EFBC}") = "Task8", "Task8\Task8.csproj", "{23C37D72-2A5A-4418-8565-366ECDC74C2A}"
EndProject
Project("{FAE04EC0-301F-11D3-BF4B-00C04F79EFBC}") = "Task6", "Task6\Task6.csproj", "{7E001462-20C1-4518-9C4B-DF3322615BA1}"
EndProject
Project("{FAE04EC0-301F-11D3-BF4B-00C04F79EFBC}") = "Task5", "Task5\Task5.csproj", "{B7F8F3A0-AC72-4AF5-8219-0C848A4F4231}"
EndProject
Project("{FAE04EC0-301F-11D3-BF4B-00C04F79EFBC}") = "Task4", "Task4\Task4.csproj", "{DCFA7908-9B01-4FF2-A0CF-693E4D610065}"
EndProject
Project("{FAE04EC0-301F-11D3-BF4B-00C04F79EFBC}") = "Task3", "Task3\Task3.csproj", "{083ED5A9-846F-433F-A02D-1CBEDC79BE62}"
EndProject
Project("{FAE04EC0-301F-11D3-BF4B-00C04F79EFBC}") = "Task2", "Task2\Task2.csproj", "{6929C4D6-2FC8-4D26-A92A-120EBDD28B0E}"
EndProject
Project("{FAE04EC0-301F-11D3-BF4B-00C04F79EFBC}") = "Task1", "Task1\Task1.csproj", "{F6A12C45-3DA0-4099-946A-68C414A0271B}"
EndProject
Global
	GlobalSection(SolutionConfigurationPlatforms) = preSolution
		Debug|Any CPU = Debug|Any CPU
		Release|Any CPU = Release|Any CPU
	EndGlobalSection
	GlobalSection(ProjectConfigurationPlatforms) = postSolution
		{92C0E661-0723-4A6A-ADC9-BBF6473F963D}.Debug|Any CPU.ActiveCfg = Debug|Any CPU
		{92C0E661-0723-4A6A-ADC9-BBF6473F963D}.Debug|Any CPU.Build.0 = Debug|Any CPU
		{92C0E661-0723-4A6A-ADC9-BBF6473F963D}.Release|Any CPU.ActiveCfg = Release|Any CPU
		{92C0E661-0723-4A6A-ADC9-BBF6473F963D}.Release|Any CPU.Build.0 = Release|Any CPU
		{C84FEB7B-0780-41E0-9E30-1D31B0A88854}.Debug|Any CPU.ActiveCfg = Debug|Any CPU
		{C84FEB7B-0780-41E0-9E30-1D31B0A88854}.Debug|Any CPU.Build.0 = Debug|Any CPU
		{C84FEB7B-0780-41E0-9E30-1D31B0A88854}.Release|Any CPU.ActiveCfg = Release|Any CPU
		{C84FEB7B-0780-41E0-9E30-1D31B0A88854}.Release|Any CPU.Build.0 = Release|Any CPU
		{8B5F6C3E-49B1-4379-A755-24693252791F}.Debug|Any CPU.ActiveCfg = Debug|Any CPU
		{8B5F6C3E-49B1-4379-A755-24693252791F}.Debug|Any CPU.Build.0 = Debug|Any CPU
		{8B5F6C3E-49B1-4379-A755-24693252791F}.Release|Any CPU.ActiveCfg = Release|Any CPU
		{8B5F6C3E-49B1-4379-A755-24693252791F}.Release|Any CPU.Build.0 = Release|Any CPU
		{EC632E5A-A722-4D72-9FE2-09515B529DE7}.Debug|Any CPU.ActiveCfg = Debug|Any CPU
		{EC632E5A-A722-4D72-9FE2-09515B529DE7}.Debug|Any CPU.Build.0 = Debug|Any CPU
		{EC632E5A-A722-4D72-9FE2-09515B529DE7}.Release|Any CPU.ActiveCfg = Release|Any CPU
		{EC632E5A-A722-4D72-9FE2-09515B529DE7}.Release|Any CPU.Build.0 = Release|Any CPU
		{5EB3B755-703D-4D52-B224-1F891186767A}.Debug|Any CPU.ActiveCfg = Debug|Any CPU
		{5EB3B755-703D-4D52-B224-1F891186767A}.Debug|Any CPU.Build.0 = Debug|Any CPU
		{5EB3B755-703D-4D52-B224-1F891186767A}.Release|Any CPU.ActiveCfg = Release|Any CPU
		{5EB3B755-703D-4D52-B224-1F891186767A}.Release|Any CPU.Build.0 = Release|Any CPU
		{5EB218D1-7132-4AD6-8ADF-1A2050F7CFEA}.Debug|Any CPU.ActiveCfg = Debug|Any CPU
		{5EB218D1-7132-4AD6-8ADF-1A2050F7CFEA}.Debug|Any CPU.Build.0 = Debug|Any CPU
		{5EB218D1-7132-4AD6-8ADF-1A2050F7CFEA}.Release|Any CPU.ActiveCfg = Release|Any CPU
		{5EB218D1-7132-4AD6-8ADF-1A2050F7CFEA}.Release|Any CPU.Build.0 = Release|Any CPU
		{30AF85B7-8E7A-46A8-A87E-9780E91F70A8}.Debug|Any CPU.ActiveCfg = Debug|Any CPU
		{30AF85B7-8E7A-46A8-A87E-9780E91F70A8}.Debug|Any CPU.Build.0 = Debug|Any CPU
		{30AF85B7-8E7A-46A8-A87E-9780E91F70A8}.Release|Any CPU.ActiveCfg = Release|Any CPU
		{30AF85B7-8E7A-46A8-A87E-9780E91F70A8}.Release|Any CPU.Build.0 = Release|Any CPU
		{7B1DE2EF-B15E-4D19-808B-AE34940F0DCD}.Debug|Any CPU.ActiveCfg = Debug|Any CPU
		{7B1DE2EF-B15E-4D19-808B-AE34940F0DCD}.Debug|Any CPU.Build.0 = Debug|Any CPU
		{7B1DE2EF-B15E-4D19-808B-AE34940F0DCD}.Release|Any CPU.ActiveCfg = Release|Any CPU
		{7B1DE2EF-B15E-4D19-808B-AE34940F0DCD}.Release|Any CPU.Build.0 = Release|Any CPU
		{23C37D72-2A5A-4418-8565-366ECDC74C2A}.Debug|Any CPU.ActiveCfg = Debug|Any CPU
		{23C37D72-2A5A-4418-8565-366ECDC74C2A}.Debug|Any CPU.Build.0 = Debug|Any CPU
		{23C37D72-2A5A-4418-8565-366ECDC74C2A}.Release|Any CPU.ActiveCfg = Release|Any CPU
		{23C37D72-2A5A-4418-8565-366ECDC74C2A}.Release|Any CPU.Build.0 = Release|Any CPU
		{7E001462-20C1-4518-9C4B-DF3322615BA1}.Debug|Any CPU.ActiveCfg = Debug|Any CPU
		{7E001462-20C1-4518-9C4B-DF3322615BA1}.Debug|Any CPU.Build.0 = Debug|Any CPU
		{7E001462-20C1-4518-9C4B-DF3322615BA1}.Release|Any CPU.ActiveCfg = Release|Any CPU
		{7E001462-20C1-4518-9C4B-DF3322615BA1}.Release|Any CPU.Build.0 = Release|Any CPU
		{B7F8F3A0-AC72-4AF5-8219-0C848A4F4231}.Debug|Any CPU.ActiveCfg = Debug|Any CPU
		{B7F8F3A0-AC72-4AF5-8219-0C848A4F4231}.Debug|Any CPU.Build.0 = Debug|Any CPU
		{B7F8F3A0-AC72-4AF5-8219-0C848A4F4231}.Release|Any CPU.ActiveCfg = Release|Any CPU
		{B7F8F3A0-AC72-4AF5-8219-0C848A4F4231}.Release|Any CPU.Build.0 = Release|Any CPU
		{DCFA7908-9B01-4FF2-A0CF-693E4D610065}.Debug|Any CPU.ActiveCfg = Debug|Any CPU
		{DCFA7908-9B01-4FF2-A0CF-693E4D610065}.Debug|Any CPU.Build.0 = Debug|Any CPU
		{DCFA7908-9B01-4FF2-A0CF-693E4D610065}.Release|Any CPU.ActiveCfg = Release|Any CPU
		{DCFA7908-9B01-4FF2-A0CF-693E4D610065}.Release|Any CPU.Build.0 = Release|Any CPU
		{083ED5A9-846F-433F-A02D-1CBEDC79BE62}.Debug|Any CPU.ActiveCfg = Debug|Any CPU
		{083ED5A9-846F-433F-A02D-1CBEDC79BE62}.Debug|Any CPU.Build.0 = Debug|Any CPU
		{083ED5A9-846F-433F-A02D-1CBEDC79BE62}.Release|Any CPU.ActiveCfg = Release|Any CPU
		{083ED5A9-846F-433F-A02D-1CBEDC79BE62}.Release|Any CPU.Build.0 = Release|Any CPU
		{6929C4D6-2FC8-4D26-A92A-120EBDD28B0E}.Debug|Any CPU.ActiveCfg = Debug|Any CPU
		{6929C4D6-2FC8-4D26-A92A-120EBDD28B0E}.Debug|Any CPU.Build.0 = Debug|Any CPU
		{6929C4D6-2FC8-4D26-A92A-120EBDD28B0E}.Release|Any CPU.ActiveCfg = Release|Any CPU
		{6929C4D6-2FC8-4D26-A92A-120EBDD28B0E}.Release|Any CPU.Build.0 = Release|Any CPU
		{F6A12C45-3DA0-4099-946A-68C414A0271B}.Debug|Any CPU.ActiveCfg = Debug|Any CPU
		{F6A12C45-3DA0-4099-946A-68C414A0271B}.Debug|Any CPU.Build.0 = Debug|Any CPU
		{F6A12C45-3DA0-4099-946A-68C414A0271B}.Release|Any CPU.ActiveCfg = Release|Any CPU
		{F6A12C45-3DA0-4099-946A-68C414A0271B}.Release|Any CPU.Build.0 = Release|Any CPU
	EndGlobalSection
	GlobalSection(SolutionProperties) = preSolution
		HideSolutionNode = FALSE
	EndGlobalSection
	GlobalSection(ExtensibilityGlobals) = postSolution
		SolutionGuid = {53B2E6E2-B76E-4AE9-8920-EAE98D043AD6}
	EndGlobalSection
EndGlobal
